
Microsoft Visual Studio Solution File, Format Version 12.00
# Visual Studio Version 17
VisualStudioVersion = 17.5.002.0
MinimumVisualStudioVersion = 10.0.40219.1
Project("{9A19103F-16F7-4668-BE54-9A1E7A4F7556}") = "neurobalance.com", "neurobalance.com.csproj", "{D5A9E7CB-B9AA-44AE-8018-4C5A33F06205}"
EndProject
Global
	GlobalSection(SolutionConfigurationPlatforms) = preSolution
		Debug|Any CPU = Debug|Any CPU
		Release|Any CPU = Release|Any CPU
	EndGlobalSection
	GlobalSection(ProjectConfigurationPlatforms) = postSolution
		{D5A9E7CB-B9AA-44AE-8018-4C5A33F06205}.Debug|Any CPU.ActiveCfg = Debug|Any CPU
		{D5A9E7CB-B9AA-44AE-8018-4C5A33F06205}.Debug|Any CPU.Build.0 = Debug|Any CPU
		{D5A9E7CB-B9AA-44AE-8018-4C5A33F06205}.Release|Any CPU.ActiveCfg = Release|Any CPU
		{D5A9E7CB-B9AA-44AE-8018-4C5A33F06205}.Release|Any CPU.Build.0 = Release|Any CPU
	EndGlobalSection
	GlobalSection(SolutionProperties) = preSolution
		HideSolutionNode = FALSE
	EndGlobalSection
	GlobalSection(ExtensibilityGlobals) = postSolution
		SolutionGuid = {A0CBEE2A-ED24-43C9-9A81-950CE9E28DB0}
	EndGlobalSection
EndGlobal
